<?xml version="1.0" encoding="utf-8"?>
<Project ToolsVersion="4.0" xmlns="http://schemas.microsoft.com/developer/msbuild/2003">
  <ItemGroup>
    <Filter Include="源文件">
      <UniqueIdentifier>{4FC737F1-C7A5-4376-A066-2A32D752A2FF}</UniqueIdentifier>
      <Extensions>cpp;c;cc;cxx;def;odl;idl;hpj;bat;asm;asmx</Extensions>
    </Filter>
    <Filter Include="头文件">
      <UniqueIdentifier>{93995380-89BD-4b04-88EB-625FBE52EBFB}</UniqueIdentifier>
      <Extensions>h;hh;hpp;hxx;hm;inl;inc;ipp;xsd</Extensions>
    </Filter>
    <Filter Include="资源文件">
      <UniqueIdentifier>{67DA6AB6-F800-4c08-8B7A-83BB121AAD01}</UniqueIdentifier>
      <Extensions>rc;ico;cur;bmp;dlg;rc2;rct;bin;rgs;gif;jpg;jpeg;jpe;resx;tiff;tif;png;wav;mfcribbon-ms</Extensions>
    </Filter>
  </ItemGroup>
  <ItemGroup>
    <ClCompile Include="3.7bondini.cpp">
      <Filter>源文件</Filter>
    </ClCompile>
    <ClCompile Include="3.8floatnum.cpp">
      <Filter>源文件</Filter>
    </ClCompile>
    <ClCompile Include="3.9floatadd.cpp">
      <Filter>源文件</Filter>
    </ClCompile>
    <ClCompile Include="3.10.cpp">
      <Filter>源文件</Filter>
    </ClCompile>
    <ClCompile Include="3.11divide.cpp">
      <Filter>源文件</Filter>
    </ClCompile>
    <ClCompile Include="3.12modulus.cpp">
      <Filter>源文件</Filter>
    </ClCompile>
    <ClCompile Include="3.13assign.cpp">
      <Filter>源文件</Filter>
    </ClCompile>
    <ClCompile Include="3.14typecast.cpp">
      <Filter>源文件</Filter>
    </ClCompile>
    <ClCompile Include="3.15exercise.cpp">
      <Filter>源文件</Filter>
    </ClCompile>
    <ClCompile Include="4.1arrayone.cpp">
      <Filter>源文件</Filter>
    </ClCompile>
    <ClCompile Include="4.2string.cpp">
      <Filter>源文件</Filter>
    </ClCompile>
    <ClCompile Include="4.3instr1.cpp">
      <Filter>源文件</Filter>
    </ClCompile>
    <ClCompile Include="4.4instr2.cpp">
      <Filter>源文件</Filter>
    </ClCompile>
    <ClCompile Include="4.5instr3.cpp">
      <Filter>源文件</Filter>
    </ClCompile>
    <ClCompile Include="4.6numstr.cpp">
      <Filter>源文件</Filter>
    </ClCompile>
    <ClCompile Include="4.7strtype1.cpp">
      <Filter>源文件</Filter>
    </ClCompile>
    <ClCompile Include="4.8strtype2.cpp">
      <Filter>源文件</Filter>
    </ClCompile>
    <ClCompile Include="4.9strtype3.cpp">
      <Filter>源文件</Filter>
    </ClCompile>
    <ClCompile Include="4.10strtype4.cpp">
      <Filter>源文件</Filter>
    </ClCompile>
    <ClCompile Include="4.11structur.cpp">
      <Filter>源文件</Filter>
    </ClCompile>
    <ClCompile Include="4.12assgn_st.cpp">
      <Filter>源文件</Filter>
    </ClCompile>
    <ClCompile Include="4.13arrstruc.cpp">
      <Filter>源文件</Filter>
    </ClCompile>
    <ClCompile Include="4.14address.cpp">
      <Filter>源文件</Filter>
    </ClCompile>
    <ClCompile Include="4.15pointer.cpp">
      <Filter>源文件</Filter>
    </ClCompile>
    <ClCompile Include="4.16init_ptr.cpp">
      <Filter>源文件</Filter>
    </ClCompile>
    <ClCompile Include="4.17use_new.cpp">
      <Filter>源文件</Filter>
    </ClCompile>
    <ClCompile Include="4.18arraynew.cpp">
      <Filter>源文件</Filter>
    </ClCompile>
    <ClCompile Include="4.19addpntrs.cpp">
      <Filter>源文件</Filter>
    </ClCompile>
    <ClCompile Include="4.20ptrstr.cpp">
      <Filter>源文件</Filter>
    </ClCompile>
    <ClCompile Include="4.21newstct.cpp">
      <Filter>源文件</Filter>
    </ClCompile>
    <ClCompile Include="4.22delete.cpp">
      <Filter>源文件</Filter>
    </ClCompile>
    <ClCompile Include="4.23mixtypes.cpp">
      <Filter>源文件</Filter>
    </ClCompile>
    <ClCompile Include="4.24choices.cpp">
      <Filter>源文件</Filter>
    </ClCompile>
  </ItemGroup>
</Project>